%{
  "amqp": {:hex, :amqp, "3.1.1", "a96ee272d196dfd1bf4ffc15dc7dcf900004d928dbdc6f5fcb80e6b0da03927c", [:mix], [{:amqp_client, "~> 3.9.1", [hex: :amqp_client, repo: "hexpm", optional: false]}], "hexpm", "ee7ca576351b4629b6be0701db8c085e203e242c577c59f344be56ef5a262056"},
  "amqp_client": {:hex, :amqp_client, "3.9.23", "ea618d24b9819b7d4a94fed1f7a5a3518a7e7ea230d03c1a88642cee4cec19ae", [:make, :rebar3], [{:rabbit_common, "3.9.23", [hex: :rabbit_common, repo: "hexpm", optional: false]}], "hexpm", "fbbd70d10469f8c7ab619c25b3238d9ec77ec4935916c2cea528f97a6375ad98"},
  "cowboy": {:hex, :cowboy, "2.9.0", "865dd8b6607e14cf03282e10e934023a1bd8be6f6bacf921a7e2a96d800cd452", [:make, :rebar3], [{:cowlib, "2.11.0", [hex: :cowlib, repo: "hexpm", optional: false]}, {:ranch, "1.8.0", [hex: :ranch, repo: "hexpm", optional: false]}], "hexpm", "2c729f934b4e1aa149aff882f57c6372c15399a20d54f65c8d67bef583021bde"},
  "cowboy_telemetry": {:hex, :cowboy_telemetry, "0.4.0", "f239f68b588efa7707abce16a84d0d2acf3a0f50571f8bb7f56a15865aae820c", [:rebar3], [{:cowboy, "~> 2.7", [hex: :cowboy, repo: "hexpm", optional: false]}, {:telemetry, "~> 1.0", [hex: :telemetry, repo: "hexpm", optional: false]}], "hexpm", "7d98bac1ee4565d31b62d59f8823dfd8356a169e7fcbb83831b8a5397404c9de"},
  "cowlib": {:hex, :cowlib, "2.9.1", "61a6c7c50cf07fdd24b2f45b89500bb93b6686579b069a89f88cb211e1125c78", [:rebar3], [], "hexpm", "e4175dc240a70d996156160891e1c62238ede1729e45740bdd38064dad476170"},
  "credentials_obfuscation": {:hex, :credentials_obfuscation, "3.1.0", "2c405ea0c5db7b3344aa5a99f86c33e7b6ecea97d2cb613371e1cf0d192ef2c6", [:rebar3], [], "hexpm", "04884e62b1c6cdfba999d4d6b3e99bc0a59d5e439517bc5c01767255afb7b778"},
  "google_protos": {:hex, :google_protos, "0.3.0", "15faf44dce678ac028c289668ff56548806e313e4959a3aaf4f6e1ebe8db83f4", [:mix], [{:protobuf, "~> 0.10", [hex: :protobuf, repo: "hexpm", optional: false]}], "hexpm", "1f6b7fb20371f72f418b98e5e48dae3e022a9a6de1858d4b254ac5a5d0b4035f"},
  "grpc": {:hex, :grpc, "0.5.0", "a44cb306625a52fa31a2189ce91b40d24e82569568f0cc214c1e1e0faf54f58a", [:mix], [{:cowboy, "~> 2.9", [hex: :cowboy, repo: "hexpm", optional: false]}, {:cowlib, "~> 2.11", [hex: :cowlib, repo: "hexpm", optional: false]}, {:gun, "~> 2.0.1", [hex: :grpc_gun, repo: "hexpm", optional: false]}], "hexpm", "17b98593fdb1a65be7b2722821266627b3f2fba29bbbd7d0945389427c0d0d5f"},
  "gun": {:hex, :grpc_gun, "2.0.1", "221b792df3a93e8fead96f697cbaf920120deacced85c6cd3329d2e67f0871f8", [:rebar3], [{:cowlib, "~> 2.11", [hex: :cowlib, repo: "hexpm", optional: false]}], "hexpm", "795a65eb9d0ba16697e6b0e1886009ce024799e43bb42753f0c59b029f592831"},
  "jsx": {:hex, :jsx, "3.1.0", "d12516baa0bb23a59bb35dccaf02a1bd08243fcbb9efe24f2d9d056ccff71268", [:rebar3], [], "hexpm", "0c5cc8fdc11b53cc25cf65ac6705ad39e54ecc56d1c22e4adb8f5a53fb9427f3"},
  "mime": {:hex, :mime, "2.0.3", "3676436d3d1f7b81b5a2d2bd8405f412c677558c81b1c92be58c00562bb59095", [:mix], [], "hexpm", "27a30bf0db44d25eecba73755acf4068cbfe26a4372f9eb3e4ea3a45956bff6b"},
  "plug": {:hex, :plug, "1.13.6", "187beb6b67c6cec50503e940f0434ea4692b19384d47e5fdfd701e93cadb4cc2", [:mix], [{:mime, "~> 1.0 or ~> 2.0", [hex: :mime, repo: "hexpm", optional: false]}, {:plug_crypto, "~> 1.1.1 or ~> 1.2", [hex: :plug_crypto, repo: "hexpm", optional: false]}, {:telemetry, "~> 0.4.3 or ~> 1.0", [hex: :telemetry, repo: "hexpm", optional: false]}], "hexpm", "02b9c6b9955bce92c829f31d6284bf53c591ca63c4fb9ff81dfd0418667a34ff"},
  "plug_cowboy": {:hex, :plug_cowboy, "2.5.2", "62894ccd601cf9597e2c23911ff12798a8a18d237e9739f58a6b04e4988899fe", [:mix], [{:cowboy, "~> 2.7", [hex: :cowboy, repo: "hexpm", optional: false]}, {:cowboy_telemetry, "~> 0.3", [hex: :cowboy_telemetry, repo: "hexpm", optional: false]}, {:plug, "~> 1.7", [hex: :plug, repo: "hexpm", optional: false]}], "hexpm", "ea6e87f774c8608d60c8d34022a7d073bd7680a0a013f049fc62bf35efea1044"},
  "plug_crypto": {:hex, :plug_crypto, "1.2.3", "8f77d13aeb32bfd9e654cb68f0af517b371fb34c56c9f2b58fe3df1235c1251a", [:mix], [], "hexpm", "b5672099c6ad5c202c45f5a403f21a3411247f164e4a8fab056e5cd8a290f4a2"},
  "protobuf": {:hex, :protobuf, "0.11.0", "58d5531abadea3f71135e97bd214da53b21adcdb5b1420aee63f4be8173ec927", [:mix], [{:jason, "~> 1.2", [hex: :jason, repo: "hexpm", optional: true]}], "hexpm", "30ad9a867a5c5a0616cac9765c4d2c2b7b0030fa81ea6d0c14c2eb5affb6ac52"},
  "rabbit_common": {:hex, :rabbit_common, "3.9.23", "a90600e14ae3907fd520d33438aaa3cd61cfd708cafc4e7718657c13f4c35834", [:make, :rebar3], [{:credentials_obfuscation, "3.1.0", [hex: :credentials_obfuscation, repo: "hexpm", optional: false]}, {:jsx, "3.1.0", [hex: :jsx, repo: "hexpm", optional: false]}, {:recon, "2.5.2", [hex: :recon, repo: "hexpm", optional: false]}], "hexpm", "0ad472992d0a0943b5ae8670360c79a7ff6fc207456b0ad1890d4366f90705ef"},
  "ranch": {:hex, :ranch, "1.8.0", "8c7a100a139fd57f17327b6413e4167ac559fbc04ca7448e9be9057311597a1d", [:make, :rebar3], [], "hexpm", "49fbcfd3682fab1f5d109351b61257676da1a2fdbe295904176d5e521a2ddfe5"},
  "recon": {:hex, :recon, "2.5.2", "cba53fa8db83ad968c9a652e09c3ed7ddcc4da434f27c3eaa9ca47ffb2b1ff03", [:mix, :rebar3], [], "hexpm", "2c7523c8dee91dff41f6b3d63cba2bd49eb6d2fe5bf1eec0df7f87eb5e230e1c"},
  "telemetry": {:hex, :telemetry, "1.1.0", "a589817034a27eab11144ad24d5c0f9fab1f58173274b1e9bae7074af9cbee51", [:rebar3], [], "hexpm", "b727b2a1f75614774cff2d7565b64d0dfa5bd52ba517f16543e6fc7efcc0df48"},
}
